
Microsoft Visual Studio Solution File, Format Version 12.00
# Visual Studio Version 17
VisualStudioVersion = 17.0.31903.59
MinimumVisualStudioVersion = 10.0.40219.1
Project("{2150E333-8FDC-42A3-9474-1A3956D46DE8}") = "src", "src", "{827E0CD3-B72D-47B6-A68D-7590B98EB39B}"
EndProject
Project("{FAE04EC0-301F-11D3-BF4B-00C04F79EFBC}") = "WeighBridge.Domain", "src\WeighBridge.Domain\WeighBridge.Domain.csproj", "{FDFF3297-0FED-4A00-A8D2-CAC9A309D80F}"
EndProject
Project("{FAE04EC0-301F-11D3-BF4B-00C04F79EFBC}") = "WeighBridge.Core", "src\WeighBridge.Core\WeighBridge.Core.csproj", "{A28C5F62-6FEF-4899-A5F9-971BEBC08997}"
EndProject
Project("{FAE04EC0-301F-11D3-BF4B-00C04F79EFBC}") = "WeighBridge.Infrastructure", "src\WeighBridge.Infrastructure\WeighBridge.Infrastructure.csproj", "{A8AFB916-0667-4C26-BFAE-38797D893F9C}"
EndProject
Project("{FAE04EC0-301F-11D3-BF4B-00C04F79EFBC}") = "WeighBridge.Settings", "src\WeighBridge.Settings\WeighBridge.Settings.csproj", "{60A2C682-EF4E-46B6-8769-BB9868B1BF58}"
EndProject
Project("{FAE04EC0-301F-11D3-BF4B-00C04F79EFBC}") = "WeighBridge.Hardware", "src\WeighBridge.Hardware\WeighBridge.Hardware.csproj", "{209B4A89-7FD4-41EE-943B-4916E72765FE}"
EndProject
Project("{FAE04EC0-301F-11D3-BF4B-00C04F79EFBC}") = "WeighBridge.Printing", "src\WeighBridge.Printing\WeighBridge.Printing.csproj", "{F9FE04D1-9D26-4B47-995F-2822C477DF5B}"
EndProject
Project("{FAE04EC0-301F-11D3-BF4B-00C04F79EFBC}") = "WeighBridge.Reporting", "src\WeighBridge.Reporting\WeighBridge.Reporting.csproj", "{25B07D4A-E5FF-4D92-8D91-72785E13EA5F}"
EndProject
Project("{FAE04EC0-301F-11D3-BF4B-00C04F79EFBC}") = "WeighBridge.Services", "src\WeighBridge.Services\WeighBridge.Services.csproj", "{A71A1A54-474F-4827-BDAE-3AD70D453706}"
EndProject
Project("{FAE04EC0-301F-11D3-BF4B-00C04F79EFBC}") = "WeighBridge.App", "src\WeighBridge.App\WeighBridge.App.csproj", "{7AC57873-5F0F-4C68-8EB8-7AAC90DC7845}"
EndProject
Project("{2150E333-8FDC-42A3-9474-1A3956D46DE8}") = "tests", "tests", "{0AB3BF05-4346-4AA6-1389-037BE0695223}"
EndProject
Project("{FAE04EC0-301F-11D3-BF4B-00C04F79EFBC}") = "WeighBridge.Tests", "tests\WeighBridge.Tests\WeighBridge.Tests.csproj", "{DF75FC7B-0C8D-4485-B5B2-50E1EF886F68}"
EndProject
Project("{2150E333-8FDC-42A3-9474-1A3956D46DE8}") = "Documentation", "Documentation", "{3C1D9E48-7A05-4B6E-9F2C-8D41A6B05E17}"
	ProjectSection(SolutionItems) = preProject
		Documentation\README.md = Documentation\README.md
		Documentation\Architecture.md = Documentation\Architecture.md
		Documentation\Configuration.md = Documentation\Configuration.md
		Documentation\DesignSystem.md = Documentation\DesignSystem.md
		Documentation\Development.md = Documentation\Development.md
	EndProjectSection
EndProject
Global
	GlobalSection(SolutionConfigurationPlatforms) = preSolution
		Debug|Any CPU = Debug|Any CPU
		Debug|x64 = Debug|x64
		Debug|x86 = Debug|x86
		Release|Any CPU = Release|Any CPU
		Release|x64 = Release|x64
		Release|x86 = Release|x86
	EndGlobalSection
	GlobalSection(ProjectConfigurationPlatforms) = postSolution
		{FDFF3297-0FED-4A00-A8D2-CAC9A309D80F}.Debug|Any CPU.ActiveCfg = Debug|Any CPU
		{FDFF3297-0FED-4A00-A8D2-CAC9A309D80F}.Debug|Any CPU.Build.0 = Debug|Any CPU
		{FDFF3297-0FED-4A00-A8D2-CAC9A309D80F}.Debug|x64.ActiveCfg = Debug|Any CPU
		{FDFF3297-0FED-4A00-A8D2-CAC9A309D80F}.Debug|x64.Build.0 = Debug|Any CPU
		{FDFF3297-0FED-4A00-A8D2-CAC9A309D80F}.Debug|x86.ActiveCfg = Debug|Any CPU
		{FDFF3297-0FED-4A00-A8D2-CAC9A309D80F}.Debug|x86.Build.0 = Debug|Any CPU
		{FDFF3297-0FED-4A00-A8D2-CAC9A309D80F}.Release|Any CPU.ActiveCfg = Release|Any CPU
		{FDFF3297-0FED-4A00-A8D2-CAC9A309D80F}.Release|Any CPU.Build.0 = Release|Any CPU
		{FDFF3297-0FED-4A00-A8D2-CAC9A309D80F}.Release|x64.ActiveCfg = Release|Any CPU
		{FDFF3297-0FED-4A00-A8D2-CAC9A309D80F}.Release|x64.Build.0 = Release|Any CPU
		{FDFF3297-0FED-4A00-A8D2-CAC9A309D80F}.Release|x86.ActiveCfg = Release|Any CPU
		{FDFF3297-0FED-4A00-A8D2-CAC9A309D80F}.Release|x86.Build.0 = Release|Any CPU
		{A28C5F62-6FEF-4899-A5F9-971BEBC08997}.Debug|Any CPU.ActiveCfg = Debug|Any CPU
		{A28C5F62-6FEF-4899-A5F9-971BEBC08997}.Debug|Any CPU.Build.0 = Debug|Any CPU
		{A28C5F62-6FEF-4899-A5F9-971BEBC08997}.Debug|x64.ActiveCfg = Debug|Any CPU
		{A28C5F62-6FEF-4899-A5F9-971BEBC08997}.Debug|x64.Build.0 = Debug|Any CPU
		{A28C5F62-6FEF-4899-A5F9-971BEBC08997}.Debug|x86.ActiveCfg = Debug|Any CPU
		{A28C5F62-6FEF-4899-A5F9-971BEBC08997}.Debug|x86.Build.0 = Debug|Any CPU
		{A28C5F62-6FEF-4899-A5F9-971BEBC08997}.Release|Any CPU.ActiveCfg = Release|Any CPU
		{A28C5F62-6FEF-4899-A5F9-971BEBC08997}.Release|Any CPU.Build.0 = Release|Any CPU
		{A28C5F62-6FEF-4899-A5F9-971BEBC08997}.Release|x64.ActiveCfg = Release|Any CPU
		{A28C5F62-6FEF-4899-A5F9-971BEBC08997}.Release|x64.Build.0 = Release|Any CPU
		{A28C5F62-6FEF-4899-A5F9-971BEBC08997}.Release|x86.ActiveCfg = Release|Any CPU
		{A28C5F62-6FEF-4899-A5F9-971BEBC08997}.Release|x86.Build.0 = Release|Any CPU
		{A8AFB916-0667-4C26-BFAE-38797D893F9C}.Debug|Any CPU.ActiveCfg = Debug|Any CPU
		{A8AFB916-0667-4C26-BFAE-38797D893F9C}.Debug|Any CPU.Build.0 = Debug|Any CPU
		{A8AFB916-0667-4C26-BFAE-38797D893F9C}.Debug|x64.ActiveCfg = Debug|Any CPU
		{A8AFB916-0667-4C26-BFAE-38797D893F9C}.Debug|x64.Build.0 = Debug|Any CPU
		{A8AFB916-0667-4C26-BFAE-38797D893F9C}.Debug|x86.ActiveCfg = Debug|Any CPU
		{A8AFB916-0667-4C26-BFAE-38797D893F9C}.Debug|x86.Build.0 = Debug|Any CPU
		{A8AFB916-0667-4C26-BFAE-38797D893F9C}.Release|Any CPU.ActiveCfg = Release|Any CPU
		{A8AFB916-0667-4C26-BFAE-38797D893F9C}.Release|Any CPU.Build.0 = Release|Any CPU
		{A8AFB916-0667-4C26-BFAE-38797D893F9C}.Release|x64.ActiveCfg = Release|Any CPU
		{A8AFB916-0667-4C26-BFAE-38797D893F9C}.Release|x64.Build.0 = Release|Any CPU
		{A8AFB916-0667-4C26-BFAE-38797D893F9C}.Release|x86.ActiveCfg = Release|Any CPU
		{A8AFB916-0667-4C26-BFAE-38797D893F9C}.Release|x86.Build.0 = Release|Any CPU
		{60A2C682-EF4E-46B6-8769-BB9868B1BF58}.Debug|Any CPU.ActiveCfg = Debug|Any CPU
		{60A2C682-EF4E-46B6-8769-BB9868B1BF58}.Debug|Any CPU.Build.0 = Debug|Any CPU
		{60A2C682-EF4E-46B6-8769-BB9868B1BF58}.Debug|x64.ActiveCfg = Debug|Any CPU
		{60A2C682-EF4E-46B6-8769-BB9868B1BF58}.Debug|x64.Build.0 = Debug|Any CPU
		{60A2C682-EF4E-46B6-8769-BB9868B1BF58}.Debug|x86.ActiveCfg = Debug|Any CPU
		{60A2C682-EF4E-46B6-8769-BB9868B1BF58}.Debug|x86.Build.0 = Debug|Any CPU
		{60A2C682-EF4E-46B6-8769-BB9868B1BF58}.Release|Any CPU.ActiveCfg = Release|Any CPU
		{60A2C682-EF4E-46B6-8769-BB9868B1BF58}.Release|Any CPU.Build.0 = Release|Any CPU
		{60A2C682-EF4E-46B6-8769-BB9868B1BF58}.Release|x64.ActiveCfg = Release|Any CPU
		{60A2C682-EF4E-46B6-8769-BB9868B1BF58}.Release|x64.Build.0 = Release|Any CPU
		{60A2C682-EF4E-46B6-8769-BB9868B1BF58}.Release|x86.ActiveCfg = Release|Any CPU
		{60A2C682-EF4E-46B6-8769-BB9868B1BF58}.Release|x86.Build.0 = Release|Any CPU
		{209B4A89-7FD4-41EE-943B-4916E72765FE}.Debug|Any CPU.ActiveCfg = Debug|Any CPU
		{209B4A89-7FD4-41EE-943B-4916E72765FE}.Debug|Any CPU.Build.0 = Debug|Any CPU
		{209B4A89-7FD4-41EE-943B-4916E72765FE}.Debug|x64.ActiveCfg = Debug|Any CPU
		{209B4A89-7FD4-41EE-943B-4916E72765FE}.Debug|x64.Build.0 = Debug|Any CPU
		{209B4A89-7FD4-41EE-943B-4916E72765FE}.Debug|x86.ActiveCfg = Debug|Any CPU
		{209B4A89-7FD4-41EE-943B-4916E72765FE}.Debug|x86.Build.0 = Debug|Any CPU
		{209B4A89-7FD4-41EE-943B-4916E72765FE}.Release|Any CPU.ActiveCfg = Release|Any CPU
		{209B4A89-7FD4-41EE-943B-4916E72765FE}.Release|Any CPU.Build.0 = Release|Any CPU
		{209B4A89-7FD4-41EE-943B-4916E72765FE}.Release|x64.ActiveCfg = Release|Any CPU
		{209B4A89-7FD4-41EE-943B-4916E72765FE}.Release|x64.Build.0 = Release|Any CPU
		{209B4A89-7FD4-41EE-943B-4916E72765FE}.Release|x86.ActiveCfg = Release|Any CPU
		{209B4A89-7FD4-41EE-943B-4916E72765FE}.Release|x86.Build.0 = Release|Any CPU
		{F9FE04D1-9D26-4B47-995F-2822C477DF5B}.Debug|Any CPU.ActiveCfg = Debug|Any CPU
		{F9FE04D1-9D26-4B47-995F-2822C477DF5B}.Debug|Any CPU.Build.0 = Debug|Any CPU
		{F9FE04D1-9D26-4B47-995F-2822C477DF5B}.Debug|x64.ActiveCfg = Debug|Any CPU
		{F9FE04D1-9D26-4B47-995F-2822C477DF5B}.Debug|x64.Build.0 = Debug|Any CPU
		{F9FE04D1-9D26-4B47-995F-2822C477DF5B}.Debug|x86.ActiveCfg = Debug|Any CPU
		{F9FE04D1-9D26-4B47-995F-2822C477DF5B}.Debug|x86.Build.0 = Debug|Any CPU
		{F9FE04D1-9D26-4B47-995F-2822C477DF5B}.Release|Any CPU.ActiveCfg = Release|Any CPU
		{F9FE04D1-9D26-4B47-995F-2822C477DF5B}.Release|Any CPU.Build.0 = Release|Any CPU
		{F9FE04D1-9D26-4B47-995F-2822C477DF5B}.Release|x64.ActiveCfg = Release|Any CPU
		{F9FE04D1-9D26-4B47-995F-2822C477DF5B}.Release|x64.Build.0 = Release|Any CPU
		{F9FE04D1-9D26-4B47-995F-2822C477DF5B}.Release|x86.ActiveCfg = Release|Any CPU
		{F9FE04D1-9D26-4B47-995F-2822C477DF5B}.Release|x86.Build.0 = Release|Any CPU
		{25B07D4A-E5FF-4D92-8D91-72785E13EA5F}.Debug|Any CPU.ActiveCfg = Debug|Any CPU
		{25B07D4A-E5FF-4D92-8D91-72785E13EA5F}.Debug|Any CPU.Build.0 = Debug|Any CPU
		{25B07D4A-E5FF-4D92-8D91-72785E13EA5F}.Debug|x64.ActiveCfg = Debug|Any CPU
		{25B07D4A-E5FF-4D92-8D91-72785E13EA5F}.Debug|x64.Build.0 = Debug|Any CPU
		{25B07D4A-E5FF-4D92-8D91-72785E13EA5F}.Debug|x86.ActiveCfg = Debug|Any CPU
		{25B07D4A-E5FF-4D92-8D91-72785E13EA5F}.Debug|x86.Build.0 = Debug|Any CPU
		{25B07D4A-E5FF-4D92-8D91-72785E13EA5F}.Release|Any CPU.ActiveCfg = Release|Any CPU
		{25B07D4A-E5FF-4D92-8D91-72785E13EA5F}.Release|Any CPU.Build.0 = Release|Any CPU
		{25B07D4A-E5FF-4D92-8D91-72785E13EA5F}.Release|x64.ActiveCfg = Release|Any CPU
		{25B07D4A-E5FF-4D92-8D91-72785E13EA5F}.Release|x64.Build.0 = Release|Any CPU
		{25B07D4A-E5FF-4D92-8D91-72785E13EA5F}.Release|x86.ActiveCfg = Release|Any CPU
		{25B07D4A-E5FF-4D92-8D91-72785E13EA5F}.Release|x86.Build.0 = Release|Any CPU
		{A71A1A54-474F-4827-BDAE-3AD70D453706}.Debug|Any CPU.ActiveCfg = Debug|Any CPU
		{A71A1A54-474F-4827-BDAE-3AD70D453706}.Debug|Any CPU.Build.0 = Debug|Any CPU
		{A71A1A54-474F-4827-BDAE-3AD70D453706}.Debug|x64.ActiveCfg = Debug|Any CPU
		{A71A1A54-474F-4827-BDAE-3AD70D453706}.Debug|x64.Build.0 = Debug|Any CPU
		{A71A1A54-474F-4827-BDAE-3AD70D453706}.Debug|x86.ActiveCfg = Debug|Any CPU
		{A71A1A54-474F-4827-BDAE-3AD70D453706}.Debug|x86.Build.0 = Debug|Any CPU
		{A71A1A54-474F-4827-BDAE-3AD70D453706}.Release|Any CPU.ActiveCfg = Release|Any CPU
		{A71A1A54-474F-4827-BDAE-3AD70D453706}.Release|Any CPU.Build.0 = Release|Any CPU
		{A71A1A54-474F-4827-BDAE-3AD70D453706}.Release|x64.ActiveCfg = Release|Any CPU
		{A71A1A54-474F-4827-BDAE-3AD70D453706}.Release|x64.Build.0 = Release|Any CPU
		{A71A1A54-474F-4827-BDAE-3AD70D453706}.Release|x86.ActiveCfg = Release|Any CPU
		{A71A1A54-474F-4827-BDAE-3AD70D453706}.Release|x86.Build.0 = Release|Any CPU
		{7AC57873-5F0F-4C68-8EB8-7AAC90DC7845}.Debug|Any CPU.ActiveCfg = Debug|Any CPU
		{7AC57873-5F0F-4C68-8EB8-7AAC90DC7845}.Debug|Any CPU.Build.0 = Debug|Any CPU
		{7AC57873-5F0F-4C68-8EB8-7AAC90DC7845}.Debug|x64.ActiveCfg = Debug|Any CPU
		{7AC57873-5F0F-4C68-8EB8-7AAC90DC7845}.Debug|x64.Build.0 = Debug|Any CPU
		{7AC57873-5F0F-4C68-8EB8-7AAC90DC7845}.Debug|x86.ActiveCfg = Debug|Any CPU
		{7AC57873-5F0F-4C68-8EB8-7AAC90DC7845}.Debug|x86.Build.0 = Debug|Any CPU
		{7AC57873-5F0F-4C68-8EB8-7AAC90DC7845}.Release|Any CPU.ActiveCfg = Release|Any CPU
		{7AC57873-5F0F-4C68-8EB8-7AAC90DC7845}.Release|Any CPU.Build.0 = Release|Any CPU
		{7AC57873-5F0F-4C68-8EB8-7AAC90DC7845}.Release|x64.ActiveCfg = Release|Any CPU
		{7AC57873-5F0F-4C68-8EB8-7AAC90DC7845}.Release|x64.Build.0 = Release|Any CPU
		{7AC57873-5F0F-4C68-8EB8-7AAC90DC7845}.Release|x86.ActiveCfg = Release|Any CPU
		{7AC57873-5F0F-4C68-8EB8-7AAC90DC7845}.Release|x86.Build.0 = Release|Any CPU
		{DF75FC7B-0C8D-4485-B5B2-50E1EF886F68}.Debug|Any CPU.ActiveCfg = Debug|Any CPU
		{DF75FC7B-0C8D-4485-B5B2-50E1EF886F68}.Debug|Any CPU.Build.0 = Debug|Any CPU
		{DF75FC7B-0C8D-4485-B5B2-50E1EF886F68}.Debug|x64.ActiveCfg = Debug|Any CPU
		{DF75FC7B-0C8D-4485-B5B2-50E1EF886F68}.Debug|x64.Build.0 = Debug|Any CPU
		{DF75FC7B-0C8D-4485-B5B2-50E1EF886F68}.Debug|x86.ActiveCfg = Debug|Any CPU
		{DF75FC7B-0C8D-4485-B5B2-50E1EF886F68}.Debug|x86.Build.0 = Debug|Any CPU
		{DF75FC7B-0C8D-4485-B5B2-50E1EF886F68}.Release|Any CPU.ActiveCfg = Release|Any CPU
		{DF75FC7B-0C8D-4485-B5B2-50E1EF886F68}.Release|Any CPU.Build.0 = Release|Any CPU
		{DF75FC7B-0C8D-4485-B5B2-50E1EF886F68}.Release|x64.ActiveCfg = Release|Any CPU
		{DF75FC7B-0C8D-4485-B5B2-50E1EF886F68}.Release|x64.Build.0 = Release|Any CPU
		{DF75FC7B-0C8D-4485-B5B2-50E1EF886F68}.Release|x86.ActiveCfg = Release|Any CPU
		{DF75FC7B-0C8D-4485-B5B2-50E1EF886F68}.Release|x86.Build.0 = Release|Any CPU
	EndGlobalSection
	GlobalSection(SolutionProperties) = preSolution
		HideSolutionNode = FALSE
	EndGlobalSection
	GlobalSection(NestedProjects) = preSolution
		{FDFF3297-0FED-4A00-A8D2-CAC9A309D80F} = {827E0CD3-B72D-47B6-A68D-7590B98EB39B}
		{A28C5F62-6FEF-4899-A5F9-971BEBC08997} = {827E0CD3-B72D-47B6-A68D-7590B98EB39B}
		{A8AFB916-0667-4C26-BFAE-38797D893F9C} = {827E0CD3-B72D-47B6-A68D-7590B98EB39B}
		{60A2C682-EF4E-46B6-8769-BB9868B1BF58} = {827E0CD3-B72D-47B6-A68D-7590B98EB39B}
		{209B4A89-7FD4-41EE-943B-4916E72765FE} = {827E0CD3-B72D-47B6-A68D-7590B98EB39B}
		{F9FE04D1-9D26-4B47-995F-2822C477DF5B} = {827E0CD3-B72D-47B6-A68D-7590B98EB39B}
		{25B07D4A-E5FF-4D92-8D91-72785E13EA5F} = {827E0CD3-B72D-47B6-A68D-7590B98EB39B}
		{A71A1A54-474F-4827-BDAE-3AD70D453706} = {827E0CD3-B72D-47B6-A68D-7590B98EB39B}
		{7AC57873-5F0F-4C68-8EB8-7AAC90DC7845} = {827E0CD3-B72D-47B6-A68D-7590B98EB39B}
		{DF75FC7B-0C8D-4485-B5B2-50E1EF886F68} = {0AB3BF05-4346-4AA6-1389-037BE0695223}
	EndGlobalSection
EndGlobal
